
Microsoft Visual Studio Solution File, Format Version 12.00
# Visual Studio Version 17
VisualStudioVersion = 17.5.33414.496
MinimumVisualStudioVersion = 10.0.40219.1
Project("{FAE04EC0-301F-11D3-BF4B-00C04F79EFBC}") = "TwoSum", "TwoSum\TwoSum.csproj", "{4488023B-E34E-453D-AC50-AC5647244190}"
EndProject
Project("{FAE04EC0-301F-11D3-BF4B-00C04F79EFBC}") = "AddTwoNumbers", "AddTwoNumbers\AddTwoNumbers.csproj", "{B3B0E0F4-BAEB-444B-8543-D5CE51DA249C}"
EndProject
Project("{FAE04EC0-301F-11D3-BF4B-00C04F79EFBC}") = "LongestSubstringWithoutRepeatingCharacters", "LongestSubstringWithoutRepeatingCharacters\LongestSubstringWithoutRepeatingCharacters.csproj", "{4A747365-61DA-4C71-805D-6BF2F45235F3}"
EndProject
Project("{FAE04EC0-301F-11D3-BF4B-00C04F79EFBC}") = "LongestPalindromicSubstring", "LongestPalindromicSubstring\LongestPalindromicSubstring.csproj", "{99790162-7459-4FC2-B5C7-5D26B39A86A0}"
EndProject
Project("{FAE04EC0-301F-11D3-BF4B-00C04F79EFBC}") = "ZigZagConversion", "ZigZagConversion\ZigZagConversion.csproj", "{0283EBA7-81DD-41CB-8E40-22AB9CFB1B62}"
EndProject
Project("{FAE04EC0-301F-11D3-BF4B-00C04F79EFBC}") = "ReverseInteger", "ReverseInteger\ReverseInteger.csproj", "{CA24BF91-A936-42F2-87CA-E92CEEC85FDA}"
EndProject
Project("{FAE04EC0-301F-11D3-BF4B-00C04F79EFBC}") = "StringToInteger", "StringToInteger\StringToInteger.csproj", "{4B9E8DA9-6C2A-4DCA-B28C-89648E8F0F3A}"
EndProject
Project("{FAE04EC0-301F-11D3-BF4B-00C04F79EFBC}") = "PalindromeNumber", "PalindromeNumber\PalindromeNumber.csproj", "{DB68AE76-057E-414A-8389-1CFBF3911C70}"
EndProject
Project("{FAE04EC0-301F-11D3-BF4B-00C04F79EFBC}") = "ContainerWithMostWater", "ContainerWithMostWater\ContainerWithMostWater.csproj", "{D7B683DE-EE43-4CFE-8453-41BB7787B482}"
EndProject
Project("{FAE04EC0-301F-11D3-BF4B-00C04F79EFBC}") = "IntegerToRoman", "IntegerToRoman\IntegerToRoman.csproj", "{F785F0D1-D191-4B55-BFDA-6E38E56B1699}"
EndProject
Global
	GlobalSection(SolutionConfigurationPlatforms) = preSolution
		Debug|Any CPU = Debug|Any CPU
		Release|Any CPU = Release|Any CPU
	EndGlobalSection
	GlobalSection(ProjectConfigurationPlatforms) = postSolution
		{4488023B-E34E-453D-AC50-AC5647244190}.Debug|Any CPU.ActiveCfg = Debug|Any CPU
		{4488023B-E34E-453D-AC50-AC5647244190}.Debug|Any CPU.Build.0 = Debug|Any CPU
		{4488023B-E34E-453D-AC50-AC5647244190}.Release|Any CPU.ActiveCfg = Release|Any CPU
		{4488023B-E34E-453D-AC50-AC5647244190}.Release|Any CPU.Build.0 = Release|Any CPU
		{B3B0E0F4-BAEB-444B-8543-D5CE51DA249C}.Debug|Any CPU.ActiveCfg = Debug|Any CPU
		{B3B0E0F4-BAEB-444B-8543-D5CE51DA249C}.Debug|Any CPU.Build.0 = Debug|Any CPU
		{B3B0E0F4-BAEB-444B-8543-D5CE51DA249C}.Release|Any CPU.ActiveCfg = Release|Any CPU
		{B3B0E0F4-BAEB-444B-8543-D5CE51DA249C}.Release|Any CPU.Build.0 = Release|Any CPU
		{4A747365-61DA-4C71-805D-6BF2F45235F3}.Debug|Any CPU.ActiveCfg = Debug|Any CPU
		{4A747365-61DA-4C71-805D-6BF2F45235F3}.Debug|Any CPU.Build.0 = Debug|Any CPU
		{4A747365-61DA-4C71-805D-6BF2F45235F3}.Release|Any CPU.ActiveCfg = Release|Any CPU
		{4A747365-61DA-4C71-805D-6BF2F45235F3}.Release|Any CPU.Build.0 = Release|Any CPU
		{99790162-7459-4FC2-B5C7-5D26B39A86A0}.Debug|Any CPU.ActiveCfg = Debug|Any CPU
		{99790162-7459-4FC2-B5C7-5D26B39A86A0}.Debug|Any CPU.Build.0 = Debug|Any CPU
		{99790162-7459-4FC2-B5C7-5D26B39A86A0}.Release|Any CPU.ActiveCfg = Release|Any CPU
		{99790162-7459-4FC2-B5C7-5D26B39A86A0}.Release|Any CPU.Build.0 = Release|Any CPU
		{0283EBA7-81DD-41CB-8E40-22AB9CFB1B62}.Debug|Any CPU.ActiveCfg = Debug|Any CPU
		{0283EBA7-81DD-41CB-8E40-22AB9CFB1B62}.Debug|Any CPU.Build.0 = Debug|Any CPU
		{0283EBA7-81DD-41CB-8E40-22AB9CFB1B62}.Release|Any CPU.ActiveCfg = Release|Any CPU
		{0283EBA7-81DD-41CB-8E40-22AB9CFB1B62}.Release|Any CPU.Build.0 = Release|Any CPU
		{CA24BF91-A936-42F2-87CA-E92CEEC85FDA}.Debug|Any CPU.ActiveCfg = Debug|Any CPU
		{CA24BF91-A936-42F2-87CA-E92CEEC85FDA}.Debug|Any CPU.Build.0 = Debug|Any CPU
		{CA24BF91-A936-42F2-87CA-E92CEEC85FDA}.Release|Any CPU.ActiveCfg = Release|Any CPU
		{CA24BF91-A936-42F2-87CA-E92CEEC85FDA}.Release|Any CPU.Build.0 = Release|Any CPU
		{4B9E8DA9-6C2A-4DCA-B28C-89648E8F0F3A}.Debug|Any CPU.ActiveCfg = Debug|Any CPU
		{4B9E8DA9-6C2A-4DCA-B28C-89648E8F0F3A}.Debug|Any CPU.Build.0 = Debug|Any CPU
		{4B9E8DA9-6C2A-4DCA-B28C-89648E8F0F3A}.Release|Any CPU.ActiveCfg = Release|Any CPU
		{4B9E8DA9-6C2A-4DCA-B28C-89648E8F0F3A}.Release|Any CPU.Build.0 = Release|Any CPU
		{DB68AE76-057E-414A-8389-1CFBF3911C70}.Debug|Any CPU.ActiveCfg = Debug|Any CPU
		{DB68AE76-057E-414A-8389-1CFBF3911C70}.Debug|Any CPU.Build.0 = Debug|Any CPU
		{DB68AE76-057E-414A-8389-1CFBF3911C70}.Release|Any CPU.ActiveCfg = Release|Any CPU
		{DB68AE76-057E-414A-8389-1CFBF3911C70}.Release|Any CPU.Build.0 = Release|Any CPU
		{D7B683DE-EE43-4CFE-8453-41BB7787B482}.Debug|Any CPU.ActiveCfg = Debug|Any CPU
		{D7B683DE-EE43-4CFE-8453-41BB7787B482}.Debug|Any CPU.Build.0 = Debug|Any CPU
		{D7B683DE-EE43-4CFE-8453-41BB7787B482}.Release|Any CPU.ActiveCfg = Release|Any CPU
		{D7B683DE-EE43-4CFE-8453-41BB7787B482}.Release|Any CPU.Build.0 = Release|Any CPU
		{F785F0D1-D191-4B55-BFDA-6E38E56B1699}.Debug|Any CPU.ActiveCfg = Debug|Any CPU
		{F785F0D1-D191-4B55-BFDA-6E38E56B1699}.Debug|Any CPU.Build.0 = Debug|Any CPU
		{F785F0D1-D191-4B55-BFDA-6E38E56B1699}.Release|Any CPU.ActiveCfg = Release|Any CPU
		{F785F0D1-D191-4B55-BFDA-6E38E56B1699}.Release|Any CPU.Build.0 = Release|Any CPU
	EndGlobalSection
	GlobalSection(SolutionProperties) = preSolution
		HideSolutionNode = FALSE
	EndGlobalSection
	GlobalSection(ExtensibilityGlobals) = postSolution
		SolutionGuid = {825179ED-B71D-4622-B544-5EDEDC3FF7CB}
	EndGlobalSection
EndGlobal
