
Microsoft Visual Studio Solution File, Format Version 12.00
# Visual Studio Version 17
VisualStudioVersion = 17.5.33414.496
MinimumVisualStudioVersion = 10.0.40219.1
Project("{9A19103F-16F7-4668-BE54-9A1E7A4F7556}") = "TwoSum", "TwoSum\TwoSum.csproj", "{4488023B-E34E-453D-AC50-AC5647244190}"
EndProject
Project("{9A19103F-16F7-4668-BE54-9A1E7A4F7556}") = "AddTwoNumbers", "AddTwoNumbers\AddTwoNumbers.csproj", "{B3B0E0F4-BAEB-444B-8543-D5CE51DA249C}"
EndProject
Project("{9A19103F-16F7-4668-BE54-9A1E7A4F7556}") = "LongestSubstringWithoutRepeatingCharacters", "LongestSubstringWithoutRepeatingCharacters\LongestSubstringWithoutRepeatingCharacters.csproj", "{4A747365-61DA-4C71-805D-6BF2F45235F3}"
EndProject
Project("{9A19103F-16F7-4668-BE54-9A1E7A4F7556}") = "LongestPalindromicSubstring", "LongestPalindromicSubstring\LongestPalindromicSubstring.csproj", "{99790162-7459-4FC2-B5C7-5D26B39A86A0}"
EndProject
Project("{9A19103F-16F7-4668-BE54-9A1E7A4F7556}") = "ZigZagConversion", "ZigZagConversion\ZigZagConversion.csproj", "{0283EBA7-81DD-41CB-8E40-22AB9CFB1B62}"
EndProject
Project("{9A19103F-16F7-4668-BE54-9A1E7A4F7556}") = "ReverseInteger", "ReverseInteger\ReverseInteger.csproj", "{CA24BF91-A936-42F2-87CA-E92CEEC85FDA}"
EndProject
Project("{9A19103F-16F7-4668-BE54-9A1E7A4F7556}") = "StringToInteger", "StringToInteger\StringToInteger.csproj", "{4B9E8DA9-6C2A-4DCA-B28C-89648E8F0F3A}"
EndProject
Project("{9A19103F-16F7-4668-BE54-9A1E7A4F7556}") = "PalindromeNumber", "PalindromeNumber\PalindromeNumber.csproj", "{DB68AE76-057E-414A-8389-1CFBF3911C70}"
EndProject
Project("{9A19103F-16F7-4668-BE54-9A1E7A4F7556}") = "ContainerWithMostWater", "ContainerWithMostWater\ContainerWithMostWater.csproj", "{D7B683DE-EE43-4CFE-8453-41BB7787B482}"
EndProject
Project("{9A19103F-16F7-4668-BE54-9A1E7A4F7556}") = "IntegerToRoman", "IntegerToRoman\IntegerToRoman.csproj", "{F785F0D1-D191-4B55-BFDA-6E38E56B1699}"
EndProject
Project("{9A19103F-16F7-4668-BE54-9A1E7A4F7556}") = "RomanToInteger", "RomanToInteger\RomanToInteger.csproj", "{381D274B-5700-4871-8248-80A6F82A91B8}"
EndProject
Project("{9A19103F-16F7-4668-BE54-9A1E7A4F7556}") = "LongestCommonPrefix", "LongestCommonPrefix\LongestCommonPrefix.csproj", "{91CB11B3-C1D5-485D-909C-546E9E890F0D}"
EndProject
Project("{9A19103F-16F7-4668-BE54-9A1E7A4F7556}") = "3Sum", "3Sum\3Sum.csproj", "{B36E0782-9072-4821-B29C-3B050E2472B7}"
EndProject
Project("{9A19103F-16F7-4668-BE54-9A1E7A4F7556}") = "3SumClosest", "3SumClosest\3SumClosest.csproj", "{E638A2DC-A821-4893-80D0-34C274173234}"
EndProject
Project("{9A19103F-16F7-4668-BE54-9A1E7A4F7556}") = "LetterCombinationsOfAPhoneNumber", "LetterCombinationsOfAPhoneNumber\LetterCombinationsOfAPhoneNumber.csproj", "{EA0AF05E-A33D-439C-A184-119C9A52134E}"
EndProject
Project("{9A19103F-16F7-4668-BE54-9A1E7A4F7556}") = "4Sum", "4Sum\4Sum.csproj", "{68A59319-DFA6-42CA-9341-3E6AA608C6E8}"
EndProject
Project("{9A19103F-16F7-4668-BE54-9A1E7A4F7556}") = "RemoveNthNodeFromEndOfList", "RemoveNthNodeFromEndOfList\RemoveNthNodeFromEndOfList.csproj", "{B9A88475-7186-4200-81F8-0E70F25D78AF}"
EndProject
Project("{9A19103F-16F7-4668-BE54-9A1E7A4F7556}") = "ValidParentheses", "ValidParentheses\ValidParentheses.csproj", "{23A2E3A0-6672-4EBF-B2A9-AFA605857036}"
EndProject
Project("{9A19103F-16F7-4668-BE54-9A1E7A4F7556}") = "MergeTwoSortedLists", "MergeTwoSortedLists\MergeTwoSortedLists.csproj", "{C535E170-EEA5-436A-B692-D92A34EE8A34}"
EndProject
Project("{9A19103F-16F7-4668-BE54-9A1E7A4F7556}") = "SwapNodesInPairs", "SwapNodesInPairs\SwapNodesInPairs.csproj", "{B4029B00-0AC4-4845-89B9-1D760DC66457}"
EndProject
Project("{9A19103F-16F7-4668-BE54-9A1E7A4F7556}") = "RemoveDuplicatesFromSortedArray", "RemoveDuplicatesFromSortedArray\RemoveDuplicatesFromSortedArray.csproj", "{4FE22B38-0174-4861-9A60-25A0B91D15CE}"
EndProject
Project("{9A19103F-16F7-4668-BE54-9A1E7A4F7556}") = "CountElementsWithMaxximumFrequency", "CountElementsWithMaxximumFrequency\CountElementsWithMaxximumFrequency.csproj", "{8E06BC7C-B4D9-4D9D-AA15-01B05DD73F4C}"
EndProject
Project("{9A19103F-16F7-4668-BE54-9A1E7A4F7556}") = "FindBeautifulIndicesInTheGivenArray", "FindBeautifulIndicesInTheGivenArray\FindBeautifulIndicesInTheGivenArray.csproj", "{290F0990-3653-472B-BDCE-3EA05F9BF35B}"
EndProject
Project("{9A19103F-16F7-4668-BE54-9A1E7A4F7556}") = "RemoveElement", "RemoveElement\RemoveElement.csproj", "{81FFD3BB-8A7D-4042-9E11-DEB00A953B9F}"
EndProject
Project("{9A19103F-16F7-4668-BE54-9A1E7A4F7556}") = "FindTheIndexOfTheFirstOccurenceInAString", "FindTheIndexOfTheFirstOccurenceInAString\FindTheIndexOfTheFirstOccurenceInAString.csproj", "{D04CBAE1-6177-4006-838C-928D5EE81766}"
EndProject
Project("{FAE04EC0-301F-11D3-BF4B-00C04F79EFBC}") = "LongestValidParentheses", "LongestValidParentheses\LongestValidParentheses.csproj", "{491087F3-E3E0-42CD-8737-49FAF516BD65}"
EndProject
Project("{FAE04EC0-301F-11D3-BF4B-00C04F79EFBC}") = "FindFirstAndLastPositionOFElementInSortedArray", "FindFirstAndLastPositionOFElementInSortedArray\FindFirstAndLastPositionOFElementInSortedArray.csproj", "{78C75B12-663C-438E-B2DB-8ED587201A5A}"
EndProject
Project("{FAE04EC0-301F-11D3-BF4B-00C04F79EFBC}") = "SearchInsertPosition", "SearchInsertPosition\SearchInsertPosition.csproj", "{7851D289-71DB-4FDD-850B-4E83FCA1225C}"
EndProject
Global
	GlobalSection(SolutionConfigurationPlatforms) = preSolution
		Debug|Any CPU = Debug|Any CPU
		Release|Any CPU = Release|Any CPU
	EndGlobalSection
	GlobalSection(ProjectConfigurationPlatforms) = postSolution
		{4488023B-E34E-453D-AC50-AC5647244190}.Debug|Any CPU.ActiveCfg = Debug|Any CPU
		{4488023B-E34E-453D-AC50-AC5647244190}.Debug|Any CPU.Build.0 = Debug|Any CPU
		{4488023B-E34E-453D-AC50-AC5647244190}.Release|Any CPU.ActiveCfg = Release|Any CPU
		{4488023B-E34E-453D-AC50-AC5647244190}.Release|Any CPU.Build.0 = Release|Any CPU
		{B3B0E0F4-BAEB-444B-8543-D5CE51DA249C}.Debug|Any CPU.ActiveCfg = Debug|Any CPU
		{B3B0E0F4-BAEB-444B-8543-D5CE51DA249C}.Debug|Any CPU.Build.0 = Debug|Any CPU
		{B3B0E0F4-BAEB-444B-8543-D5CE51DA249C}.Release|Any CPU.ActiveCfg = Release|Any CPU
		{B3B0E0F4-BAEB-444B-8543-D5CE51DA249C}.Release|Any CPU.Build.0 = Release|Any CPU
		{4A747365-61DA-4C71-805D-6BF2F45235F3}.Debug|Any CPU.ActiveCfg = Debug|Any CPU
		{4A747365-61DA-4C71-805D-6BF2F45235F3}.Debug|Any CPU.Build.0 = Debug|Any CPU
		{4A747365-61DA-4C71-805D-6BF2F45235F3}.Release|Any CPU.ActiveCfg = Release|Any CPU
		{4A747365-61DA-4C71-805D-6BF2F45235F3}.Release|Any CPU.Build.0 = Release|Any CPU
		{99790162-7459-4FC2-B5C7-5D26B39A86A0}.Debug|Any CPU.ActiveCfg = Debug|Any CPU
		{99790162-7459-4FC2-B5C7-5D26B39A86A0}.Debug|Any CPU.Build.0 = Debug|Any CPU
		{99790162-7459-4FC2-B5C7-5D26B39A86A0}.Release|Any CPU.ActiveCfg = Release|Any CPU
		{99790162-7459-4FC2-B5C7-5D26B39A86A0}.Release|Any CPU.Build.0 = Release|Any CPU
		{0283EBA7-81DD-41CB-8E40-22AB9CFB1B62}.Debug|Any CPU.ActiveCfg = Debug|Any CPU
		{0283EBA7-81DD-41CB-8E40-22AB9CFB1B62}.Debug|Any CPU.Build.0 = Debug|Any CPU
		{0283EBA7-81DD-41CB-8E40-22AB9CFB1B62}.Release|Any CPU.ActiveCfg = Release|Any CPU
		{0283EBA7-81DD-41CB-8E40-22AB9CFB1B62}.Release|Any CPU.Build.0 = Release|Any CPU
		{CA24BF91-A936-42F2-87CA-E92CEEC85FDA}.Debug|Any CPU.ActiveCfg = Debug|Any CPU
		{CA24BF91-A936-42F2-87CA-E92CEEC85FDA}.Debug|Any CPU.Build.0 = Debug|Any CPU
		{CA24BF91-A936-42F2-87CA-E92CEEC85FDA}.Release|Any CPU.ActiveCfg = Release|Any CPU
		{CA24BF91-A936-42F2-87CA-E92CEEC85FDA}.Release|Any CPU.Build.0 = Release|Any CPU
		{4B9E8DA9-6C2A-4DCA-B28C-89648E8F0F3A}.Debug|Any CPU.ActiveCfg = Debug|Any CPU
		{4B9E8DA9-6C2A-4DCA-B28C-89648E8F0F3A}.Debug|Any CPU.Build.0 = Debug|Any CPU
		{4B9E8DA9-6C2A-4DCA-B28C-89648E8F0F3A}.Release|Any CPU.ActiveCfg = Release|Any CPU
		{4B9E8DA9-6C2A-4DCA-B28C-89648E8F0F3A}.Release|Any CPU.Build.0 = Release|Any CPU
		{DB68AE76-057E-414A-8389-1CFBF3911C70}.Debug|Any CPU.ActiveCfg = Debug|Any CPU
		{DB68AE76-057E-414A-8389-1CFBF3911C70}.Debug|Any CPU.Build.0 = Debug|Any CPU
		{DB68AE76-057E-414A-8389-1CFBF3911C70}.Release|Any CPU.ActiveCfg = Release|Any CPU
		{DB68AE76-057E-414A-8389-1CFBF3911C70}.Release|Any CPU.Build.0 = Release|Any CPU
		{D7B683DE-EE43-4CFE-8453-41BB7787B482}.Debug|Any CPU.ActiveCfg = Debug|Any CPU
		{D7B683DE-EE43-4CFE-8453-41BB7787B482}.Debug|Any CPU.Build.0 = Debug|Any CPU
		{D7B683DE-EE43-4CFE-8453-41BB7787B482}.Release|Any CPU.ActiveCfg = Release|Any CPU
		{D7B683DE-EE43-4CFE-8453-41BB7787B482}.Release|Any CPU.Build.0 = Release|Any CPU
		{F785F0D1-D191-4B55-BFDA-6E38E56B1699}.Debug|Any CPU.ActiveCfg = Debug|Any CPU
		{F785F0D1-D191-4B55-BFDA-6E38E56B1699}.Debug|Any CPU.Build.0 = Debug|Any CPU
		{F785F0D1-D191-4B55-BFDA-6E38E56B1699}.Release|Any CPU.ActiveCfg = Release|Any CPU
		{F785F0D1-D191-4B55-BFDA-6E38E56B1699}.Release|Any CPU.Build.0 = Release|Any CPU
		{381D274B-5700-4871-8248-80A6F82A91B8}.Debug|Any CPU.ActiveCfg = Debug|Any CPU
		{381D274B-5700-4871-8248-80A6F82A91B8}.Debug|Any CPU.Build.0 = Debug|Any CPU
		{381D274B-5700-4871-8248-80A6F82A91B8}.Release|Any CPU.ActiveCfg = Release|Any CPU
		{381D274B-5700-4871-8248-80A6F82A91B8}.Release|Any CPU.Build.0 = Release|Any CPU
		{91CB11B3-C1D5-485D-909C-546E9E890F0D}.Debug|Any CPU.ActiveCfg = Debug|Any CPU
		{91CB11B3-C1D5-485D-909C-546E9E890F0D}.Debug|Any CPU.Build.0 = Debug|Any CPU
		{91CB11B3-C1D5-485D-909C-546E9E890F0D}.Release|Any CPU.ActiveCfg = Release|Any CPU
		{91CB11B3-C1D5-485D-909C-546E9E890F0D}.Release|Any CPU.Build.0 = Release|Any CPU
		{B36E0782-9072-4821-B29C-3B050E2472B7}.Debug|Any CPU.ActiveCfg = Debug|Any CPU
		{B36E0782-9072-4821-B29C-3B050E2472B7}.Debug|Any CPU.Build.0 = Debug|Any CPU
		{B36E0782-9072-4821-B29C-3B050E2472B7}.Release|Any CPU.ActiveCfg = Release|Any CPU
		{B36E0782-9072-4821-B29C-3B050E2472B7}.Release|Any CPU.Build.0 = Release|Any CPU
		{E638A2DC-A821-4893-80D0-34C274173234}.Debug|Any CPU.ActiveCfg = Debug|Any CPU
		{E638A2DC-A821-4893-80D0-34C274173234}.Debug|Any CPU.Build.0 = Debug|Any CPU
		{E638A2DC-A821-4893-80D0-34C274173234}.Release|Any CPU.ActiveCfg = Release|Any CPU
		{E638A2DC-A821-4893-80D0-34C274173234}.Release|Any CPU.Build.0 = Release|Any CPU
		{EA0AF05E-A33D-439C-A184-119C9A52134E}.Debug|Any CPU.ActiveCfg = Debug|Any CPU
		{EA0AF05E-A33D-439C-A184-119C9A52134E}.Debug|Any CPU.Build.0 = Debug|Any CPU
		{EA0AF05E-A33D-439C-A184-119C9A52134E}.Release|Any CPU.ActiveCfg = Release|Any CPU
		{EA0AF05E-A33D-439C-A184-119C9A52134E}.Release|Any CPU.Build.0 = Release|Any CPU
		{68A59319-DFA6-42CA-9341-3E6AA608C6E8}.Debug|Any CPU.ActiveCfg = Debug|Any CPU
		{68A59319-DFA6-42CA-9341-3E6AA608C6E8}.Debug|Any CPU.Build.0 = Debug|Any CPU
		{68A59319-DFA6-42CA-9341-3E6AA608C6E8}.Release|Any CPU.ActiveCfg = Release|Any CPU
		{68A59319-DFA6-42CA-9341-3E6AA608C6E8}.Release|Any CPU.Build.0 = Release|Any CPU
		{B9A88475-7186-4200-81F8-0E70F25D78AF}.Debug|Any CPU.ActiveCfg = Debug|Any CPU
		{B9A88475-7186-4200-81F8-0E70F25D78AF}.Debug|Any CPU.Build.0 = Debug|Any CPU
		{B9A88475-7186-4200-81F8-0E70F25D78AF}.Release|Any CPU.ActiveCfg = Release|Any CPU
		{B9A88475-7186-4200-81F8-0E70F25D78AF}.Release|Any CPU.Build.0 = Release|Any CPU
		{23A2E3A0-6672-4EBF-B2A9-AFA605857036}.Debug|Any CPU.ActiveCfg = Debug|Any CPU
		{23A2E3A0-6672-4EBF-B2A9-AFA605857036}.Debug|Any CPU.Build.0 = Debug|Any CPU
		{23A2E3A0-6672-4EBF-B2A9-AFA605857036}.Release|Any CPU.ActiveCfg = Release|Any CPU
		{23A2E3A0-6672-4EBF-B2A9-AFA605857036}.Release|Any CPU.Build.0 = Release|Any CPU
		{C535E170-EEA5-436A-B692-D92A34EE8A34}.Debug|Any CPU.ActiveCfg = Debug|Any CPU
		{C535E170-EEA5-436A-B692-D92A34EE8A34}.Debug|Any CPU.Build.0 = Debug|Any CPU
		{C535E170-EEA5-436A-B692-D92A34EE8A34}.Release|Any CPU.ActiveCfg = Release|Any CPU
		{C535E170-EEA5-436A-B692-D92A34EE8A34}.Release|Any CPU.Build.0 = Release|Any CPU
		{B4029B00-0AC4-4845-89B9-1D760DC66457}.Debug|Any CPU.ActiveCfg = Debug|Any CPU
		{B4029B00-0AC4-4845-89B9-1D760DC66457}.Debug|Any CPU.Build.0 = Debug|Any CPU
		{B4029B00-0AC4-4845-89B9-1D760DC66457}.Release|Any CPU.ActiveCfg = Release|Any CPU
		{B4029B00-0AC4-4845-89B9-1D760DC66457}.Release|Any CPU.Build.0 = Release|Any CPU
		{4FE22B38-0174-4861-9A60-25A0B91D15CE}.Debug|Any CPU.ActiveCfg = Debug|Any CPU
		{4FE22B38-0174-4861-9A60-25A0B91D15CE}.Debug|Any CPU.Build.0 = Debug|Any CPU
		{4FE22B38-0174-4861-9A60-25A0B91D15CE}.Release|Any CPU.ActiveCfg = Release|Any CPU
		{4FE22B38-0174-4861-9A60-25A0B91D15CE}.Release|Any CPU.Build.0 = Release|Any CPU
		{8E06BC7C-B4D9-4D9D-AA15-01B05DD73F4C}.Debug|Any CPU.ActiveCfg = Debug|Any CPU
		{8E06BC7C-B4D9-4D9D-AA15-01B05DD73F4C}.Debug|Any CPU.Build.0 = Debug|Any CPU
		{8E06BC7C-B4D9-4D9D-AA15-01B05DD73F4C}.Release|Any CPU.ActiveCfg = Release|Any CPU
		{8E06BC7C-B4D9-4D9D-AA15-01B05DD73F4C}.Release|Any CPU.Build.0 = Release|Any CPU
		{290F0990-3653-472B-BDCE-3EA05F9BF35B}.Debug|Any CPU.ActiveCfg = Debug|Any CPU
		{290F0990-3653-472B-BDCE-3EA05F9BF35B}.Debug|Any CPU.Build.0 = Debug|Any CPU
		{290F0990-3653-472B-BDCE-3EA05F9BF35B}.Release|Any CPU.ActiveCfg = Release|Any CPU
		{290F0990-3653-472B-BDCE-3EA05F9BF35B}.Release|Any CPU.Build.0 = Release|Any CPU
		{81FFD3BB-8A7D-4042-9E11-DEB00A953B9F}.Debug|Any CPU.ActiveCfg = Debug|Any CPU
		{81FFD3BB-8A7D-4042-9E11-DEB00A953B9F}.Debug|Any CPU.Build.0 = Debug|Any CPU
		{81FFD3BB-8A7D-4042-9E11-DEB00A953B9F}.Release|Any CPU.ActiveCfg = Release|Any CPU
		{81FFD3BB-8A7D-4042-9E11-DEB00A953B9F}.Release|Any CPU.Build.0 = Release|Any CPU
		{D04CBAE1-6177-4006-838C-928D5EE81766}.Debug|Any CPU.ActiveCfg = Debug|Any CPU
		{D04CBAE1-6177-4006-838C-928D5EE81766}.Debug|Any CPU.Build.0 = Debug|Any CPU
		{D04CBAE1-6177-4006-838C-928D5EE81766}.Release|Any CPU.ActiveCfg = Release|Any CPU
		{D04CBAE1-6177-4006-838C-928D5EE81766}.Release|Any CPU.Build.0 = Release|Any CPU
		{491087F3-E3E0-42CD-8737-49FAF516BD65}.Debug|Any CPU.ActiveCfg = Debug|Any CPU
		{491087F3-E3E0-42CD-8737-49FAF516BD65}.Debug|Any CPU.Build.0 = Debug|Any CPU
		{491087F3-E3E0-42CD-8737-49FAF516BD65}.Release|Any CPU.ActiveCfg = Release|Any CPU
		{491087F3-E3E0-42CD-8737-49FAF516BD65}.Release|Any CPU.Build.0 = Release|Any CPU
		{78C75B12-663C-438E-B2DB-8ED587201A5A}.Debug|Any CPU.ActiveCfg = Debug|Any CPU
		{78C75B12-663C-438E-B2DB-8ED587201A5A}.Debug|Any CPU.Build.0 = Debug|Any CPU
		{78C75B12-663C-438E-B2DB-8ED587201A5A}.Release|Any CPU.ActiveCfg = Release|Any CPU
		{78C75B12-663C-438E-B2DB-8ED587201A5A}.Release|Any CPU.Build.0 = Release|Any CPU
		{7851D289-71DB-4FDD-850B-4E83FCA1225C}.Debug|Any CPU.ActiveCfg = Debug|Any CPU
		{7851D289-71DB-4FDD-850B-4E83FCA1225C}.Debug|Any CPU.Build.0 = Debug|Any CPU
		{7851D289-71DB-4FDD-850B-4E83FCA1225C}.Release|Any CPU.ActiveCfg = Release|Any CPU
		{7851D289-71DB-4FDD-850B-4E83FCA1225C}.Release|Any CPU.Build.0 = Release|Any CPU
	EndGlobalSection
	GlobalSection(SolutionProperties) = preSolution
		HideSolutionNode = FALSE
	EndGlobalSection
	GlobalSection(ExtensibilityGlobals) = postSolution
		SolutionGuid = {825179ED-B71D-4622-B544-5EDEDC3FF7CB}
	EndGlobalSection
EndGlobal
