
Microsoft Visual Studio Solution File, Format Version 12.00
# Visual Studio Version 17
VisualStudioVersion = 17.5.33414.496
MinimumVisualStudioVersion = 10.0.40219.1
Project("{FAE04EC0-301F-11D3-BF4B-00C04F79EFBC}") = "TwoSum", "TwoSum\TwoSum.csproj", "{4488023B-E34E-453D-AC50-AC5647244190}"
EndProject
Project("{FAE04EC0-301F-11D3-BF4B-00C04F79EFBC}") = "AddTwoNumbers", "AddTwoNumbers\AddTwoNumbers.csproj", "{B3B0E0F4-BAEB-444B-8543-D5CE51DA249C}"
EndProject
Project("{FAE04EC0-301F-11D3-BF4B-00C04F79EFBC}") = "LongestSubstringWithoutRepeatingCharacters", "LongestSubstringWithoutRepeatingCharacters\LongestSubstringWithoutRepeatingCharacters.csproj", "{4A747365-61DA-4C71-805D-6BF2F45235F3}"
EndProject
Project("{FAE04EC0-301F-11D3-BF4B-00C04F79EFBC}") = "LongestPalindromicSubstring", "LongestPalindromicSubstring\LongestPalindromicSubstring.csproj", "{99790162-7459-4FC2-B5C7-5D26B39A86A0}"
EndProject
Global
	GlobalSection(SolutionConfigurationPlatforms) = preSolution
		Debug|Any CPU = Debug|Any CPU
		Release|Any CPU = Release|Any CPU
	EndGlobalSection
	GlobalSection(ProjectConfigurationPlatforms) = postSolution
		{4488023B-E34E-453D-AC50-AC5647244190}.Debug|Any CPU.ActiveCfg = Debug|Any CPU
		{4488023B-E34E-453D-AC50-AC5647244190}.Debug|Any CPU.Build.0 = Debug|Any CPU
		{4488023B-E34E-453D-AC50-AC5647244190}.Release|Any CPU.ActiveCfg = Release|Any CPU
		{4488023B-E34E-453D-AC50-AC5647244190}.Release|Any CPU.Build.0 = Release|Any CPU
		{B3B0E0F4-BAEB-444B-8543-D5CE51DA249C}.Debug|Any CPU.ActiveCfg = Debug|Any CPU
		{B3B0E0F4-BAEB-444B-8543-D5CE51DA249C}.Debug|Any CPU.Build.0 = Debug|Any CPU
		{B3B0E0F4-BAEB-444B-8543-D5CE51DA249C}.Release|Any CPU.ActiveCfg = Release|Any CPU
		{B3B0E0F4-BAEB-444B-8543-D5CE51DA249C}.Release|Any CPU.Build.0 = Release|Any CPU
		{4A747365-61DA-4C71-805D-6BF2F45235F3}.Debug|Any CPU.ActiveCfg = Debug|Any CPU
		{4A747365-61DA-4C71-805D-6BF2F45235F3}.Debug|Any CPU.Build.0 = Debug|Any CPU
		{4A747365-61DA-4C71-805D-6BF2F45235F3}.Release|Any CPU.ActiveCfg = Release|Any CPU
		{4A747365-61DA-4C71-805D-6BF2F45235F3}.Release|Any CPU.Build.0 = Release|Any CPU
		{99790162-7459-4FC2-B5C7-5D26B39A86A0}.Debug|Any CPU.ActiveCfg = Debug|Any CPU
		{99790162-7459-4FC2-B5C7-5D26B39A86A0}.Debug|Any CPU.Build.0 = Debug|Any CPU
		{99790162-7459-4FC2-B5C7-5D26B39A86A0}.Release|Any CPU.ActiveCfg = Release|Any CPU
		{99790162-7459-4FC2-B5C7-5D26B39A86A0}.Release|Any CPU.Build.0 = Release|Any CPU
	EndGlobalSection
	GlobalSection(SolutionProperties) = preSolution
		HideSolutionNode = FALSE
	EndGlobalSection
	GlobalSection(ExtensibilityGlobals) = postSolution
		SolutionGuid = {825179ED-B71D-4622-B544-5EDEDC3FF7CB}
	EndGlobalSection
EndGlobal
